
Microsoft Visual Studio Solution File, Format Version 12.00
Project("{FAE04EC0-301F-11D3-BF4B-00C04F79EFBC}") = "apbd.mocktest1", "apbd.mocktest1\apbd.mocktest1.csproj", "{A795B9D4-18AC-4478-BE6E-C2CF4CB78DEE}"
EndProject
Global
	GlobalSection(SolutionConfigurationPlatforms) = preSolution
		Debug|Any CPU = Debug|Any CPU
		Release|Any CPU = Release|Any CPU
	EndGlobalSection
	GlobalSection(ProjectConfigurationPlatforms) = postSolution
		{A795B9D4-18AC-4478-BE6E-C2CF4CB78DEE}.Debug|Any CPU.ActiveCfg = Debug|Any CPU
		{A795B9D4-18AC-4478-BE6E-C2CF4CB78DEE}.Debug|Any CPU.Build.0 = Debug|Any CPU
		{A795B9D4-18AC-4478-BE6E-C2CF4CB78DEE}.Release|Any CPU.ActiveCfg = Release|Any CPU
		{A795B9D4-18AC-4478-BE6E-C2CF4CB78DEE}.Release|Any CPU.Build.0 = Release|Any CPU
	EndGlobalSection
EndGlobal
